
Microsoft Visual Studio Solution File, Format Version 12.00
# Visual Studio 15
VisualStudioVersion = 15.0.27130.2036
MinimumVisualStudioVersion = 10.0.40219.1
Project("{9A19103F-16F7-4668-BE54-9A1E7A4F7556}") = "03.ExactSumOfRealNumbers", "3.ExactSumOfRealNumbers\03.ExactSumOfRealNumbers.csproj", "{FEE1FC8D-05A4-4E5E-9363-9185290C2063}"
EndProject
Project("{FAE04EC0-301F-11D3-BF4B-00C04F79EFBC}") = "01.CenturiesToMinutes", "1.CenturiesToMinutes\01.CenturiesToMinutes.csproj", "{F1E00333-4C9E-4A2D-A28C-52687399BA2B}"
EndProject
Project("{FAE04EC0-301F-11D3-BF4B-00C04F79EFBC}") = "02.CircleArea", "02\02.CircleArea.csproj", "{81B12203-7C54-4E87-8D05-A426AE0C634B}"
EndProject
Project("{FAE04EC0-301F-11D3-BF4B-00C04F79EFBC}") = "04.Elevator", "04.Elevator\04.Elevator.csproj", "{156925FB-6A48-4EB3-A3B6-E3D44DDBF748}"
EndProject
Project("{FAE04EC0-301F-11D3-BF4B-00C04F79EFBC}") = "05.SpecialNumbers", "05.SpecialNumbers\05.SpecialNumbers.csproj", "{B568B8FF-29C2-4B4C-8240-12711040F496}"
EndProject
Project("{FAE04EC0-301F-11D3-BF4B-00C04F79EFBC}") = "06.TriplesLetters", "06.TriplesLetters\06.TriplesLetters.csproj", "{6534FAF1-677E-4B4E-AF68-746469AB95ED}"
EndProject
Project("{FAE04EC0-301F-11D3-BF4B-00C04F79EFBC}") = "07.Greeting", "07.Greeting\07.Greeting.csproj", "{83D16F63-7FD1-4D4C-928C-8F34E5DE9E7D}"
EndProject
Project("{2150E333-8FDC-42A3-9474-1A3956D46DE8}") = "Data Types and Variables - Lab", "Data Types and Variables - Lab", "{16A40FD9-0350-4FF7-A41A-F902D4DE5EA8}"
EndProject
Project("{FAE04EC0-301F-11D3-BF4B-00C04F79EFBC}") = "01.PracticeIntegers", "01.PracticeIntegers\01.PracticeIntegers.csproj", "{60E32873-298D-497E-BDFE-CCF0C797831A}"
EndProject
Project("{FAE04EC0-301F-11D3-BF4B-00C04F79EFBC}") = "02.PracticeFloatingPoints", "02.PracticeFloatingPoints\02.PracticeFloatingPoints.csproj", "{C0F637FE-6A88-4A69-AFB9-48F8A90E6CBA}"
EndProject
Project("{FAE04EC0-301F-11D3-BF4B-00C04F79EFBC}") = "03.PracticeCharsAndStrings", "03.PracticeCharsAndStrings\03.PracticeCharsAndStrings.csproj", "{55A5D827-E6E2-406D-A878-720B6D1530AD}"
EndProject
Project("{FAE04EC0-301F-11D3-BF4B-00C04F79EFBC}") = "04.VariableHexFormat", "04.VariableHexFormat\04.VariableHexFormat.csproj", "{A8750B56-386C-42E8-8A62-C2F78321D27A}"
EndProject
Project("{FAE04EC0-301F-11D3-BF4B-00C04F79EFBC}") = "05.BooleanVariable", "05.BooleanVariable\05.BooleanVariable.csproj", "{373B68D4-C344-42BB-9B47-C79D0FC57D65}"
EndProject
Project("{FAE04EC0-301F-11D3-BF4B-00C04F79EFBC}") = "06.StringsAndObjects", "06.StringsAndObjects\06.StringsAndObjects.csproj", "{97B92F95-A2F7-4BAE-B77F-386E2BDA8DCB}"
EndProject
Project("{FAE04EC0-301F-11D3-BF4B-00C04F79EFBC}") = "07.ExchangeVariableValues", "07.ExchangeVariableValues\07.ExchangeVariableValues.csproj", "{E00CECF1-09A1-4ABD-9879-84FC34B80C2B}"
EndProject
Project("{FAE04EC0-301F-11D3-BF4B-00C04F79EFBC}") = "08.EmployeeData", "08.EmployeeData\08.EmployeeData.csproj", "{0475EA2F-C310-4C73-A253-374DF27CD4FD}"
EndProject
Project("{FAE04EC0-301F-11D3-BF4B-00C04F79EFBC}") = "09.ReversedChars", "09.ReversedChars\09.ReversedChars.csproj", "{931EF57D-43A3-4D68-8690-2BCB0A71055A}"
EndProject
Project("{FAE04EC0-301F-11D3-BF4B-00C04F79EFBC}") = "10.CenturiesToNanoseconds", "10.CenturiesToNanoseconds\10.CenturiesToNanoseconds.csproj", "{93C068D5-2B21-4F31-95CB-1DBE02215EB4}"
EndProject
Project("{FAE04EC0-301F-11D3-BF4B-00C04F79EFBC}") = "11.ConvertSpeedUnits", "11.ConvertSpeedUnits\11.ConvertSpeedUnits.csproj", "{8D7E031A-0063-48D9-A2D5-0F429B6A990B}"
EndProject
Project("{FAE04EC0-301F-11D3-BF4B-00C04F79EFBC}") = "12.RectangleProperties", "12.RectangleProperties\12.RectangleProperties.csproj", "{0609BB90-F2C1-45BD-B2EB-11484383CBA1}"
EndProject
Project("{FAE04EC0-301F-11D3-BF4B-00C04F79EFBC}") = "13.VowelOrDigit", "13.VowelOrDigit\13.VowelOrDigit.csproj", "{F6F612F6-1BB1-4873-9F23-6F90CCDF0B8E}"
EndProject
Project("{FAE04EC0-301F-11D3-BF4B-00C04F79EFBC}") = "14.IntegerToHexAndBinary", "14.IntegerToHexAndBinary\14.IntegerToHexAndBinary.csproj", "{3041C029-CC1A-4185-962E-90321A6E371E}"
EndProject
Project("{FAE04EC0-301F-11D3-BF4B-00C04F79EFBC}") = "15.FastPrimeChecker", "15.FastPrimeChecker\15.FastPrimeChecker.csproj", "{D7928185-0AD4-42B5-BF1C-D7909F353EAD}"
EndProject
Project("{FAE04EC0-301F-11D3-BF4B-00C04F79EFBC}") = "16.ComparingFloats", "16.ComparingFloats\16.ComparingFloats.csproj", "{7B7B1B9B-172A-4F47-88F8-8C04B7169767}"
EndProject
Project("{FAE04EC0-301F-11D3-BF4B-00C04F79EFBC}") = "17.PrintPartOfASCIITable", "17.PrintPartOfASCIITable\17.PrintPartOfASCIITable.csproj", "{4844135D-75B3-42BB-B629-E914D41046EA}"
EndProject
Project("{FAE04EC0-301F-11D3-BF4B-00C04F79EFBC}") = "18.DifferentIntegersSize", "18.DifferentIntegersSize\18.DifferentIntegersSize.csproj", "{0BA25A07-FEF4-4BF5-A712-61DB144D231E}"
EndProject
Project("{FAE04EC0-301F-11D3-BF4B-00C04F79EFBC}") = "19.TheaThePhotographer", "19.TheaThePhotographer\19.TheaThePhotographer.csproj", "{69EA79B0-2100-4C9F-82DF-6D4B3687FCD8}"
EndProject
Project("{FAE04EC0-301F-11D3-BF4B-00C04F79EFBC}") = "01.TypeBoundaries", "01.TypeBoundaries\01.TypeBoundaries.csproj", "{963F129B-D8D2-4BCF-BDA9-E298A1D12D78}"
EndProject
Project("{2150E333-8FDC-42A3-9474-1A3956D46DE8}") = "Data Types and Variables - Exercise", "Data Types and Variables - Exercise", "{D959B955-77C8-41D6-B66C-AC259EFFB88D}"
EndProject
Project("{FAE04EC0-301F-11D3-BF4B-00C04F79EFBC}") = "02.NumberChecker", "02.NumberChecker\02.NumberChecker.csproj", "{63CF9D43-E12F-488B-AF78-009F501C27FC}"
EndProject
Project("{FAE04EC0-301F-11D3-BF4B-00C04F79EFBC}") = "03.WaterOverflow", "03.WaterOverflow\03.WaterOverflow.csproj", "{642780AE-C6DB-4594-ABE8-43386CE9CBF6}"
EndProject
Project("{FAE04EC0-301F-11D3-BF4B-00C04F79EFBC}") = "04.TouristInformation", "04.TouristInformation\04.TouristInformation.csproj", "{7E76CFD9-20E3-4961-BC0C-25C7C1749832}"
EndProject
Project("{FAE04EC0-301F-11D3-BF4B-00C04F79EFBC}") = "05.WeatherForecast", "05.WeatherForecast\05.WeatherForecast.csproj", "{2D05E9F8-AD8A-4D47-A6CC-8B66425334D3}"
EndProject
Project("{FAE04EC0-301F-11D3-BF4B-00C04F79EFBC}") = "06.CatchTheThief", "06.CatchTheThief\06.CatchTheThief.csproj", "{8EFDB927-0DC0-4F50-A9D9-5DF055C5B1D2}"
EndProject
Project("{FAE04EC0-301F-11D3-BF4B-00C04F79EFBC}") = "07.SentenceTheThief", "07.SentenceTheThief\07.SentenceTheThief.csproj", "{9C91BE6E-081B-439A-AA21-C02497FE9968}"
EndProject
Project("{FAE04EC0-301F-11D3-BF4B-00C04F79EFBC}") = "08.HouseBuilder", "08.HouseBuilder\08.HouseBuilder.csproj", "{19B5D7FC-47D9-4DCC-9D98-186B08B2D932}"
EndProject
Project("{FAE04EC0-301F-11D3-BF4B-00C04F79EFBC}") = "09.MakeWord", "09.MakeWord\09.MakeWord.csproj", "{ECDED6B4-9FBB-42B9-9F4F-34AA59D3393A}"
EndProject
Project("{FAE04EC0-301F-11D3-BF4B-00C04F79EFBC}") = "10.SumOfChars", "10.SumOfChars\10.SumOfChars.csproj", "{4CE788BE-508F-40D1-9F7D-CDB7F8E0E1F2}"
EndProject
Project("{FAE04EC0-301F-11D3-BF4B-00C04F79EFBC}") = "11.StringConcatenation", "11.StringConcatenation\11.StringConcatenation.csproj", "{6E6EFFDF-D273-4F2F-821E-B0689433777D}"
EndProject
Project("{FAE04EC0-301F-11D3-BF4B-00C04F79EFBC}") = "12.BeerKegs", "12.BeerKegs\12.BeerKegs.csproj", "{D85793CB-31C4-4634-B8FD-A60B61E546E4}"
EndProject
Project("{FAE04EC0-301F-11D3-BF4B-00C04F79EFBC}") = "13.DecryptingMessage", "13.DecryptingMessage\13.DecryptingMessage.csproj", "{B089B881-7D4F-4B96-B08B-DCF922D7F324}"
EndProject
Project("{FAE04EC0-301F-11D3-BF4B-00C04F79EFBC}") = "14.BoatSimulator", "14.BoatSimulator\14.BoatSimulator.csproj", "{34E6518C-0472-4E33-9650-088B408CA45F}"
EndProject
Project("{FAE04EC0-301F-11D3-BF4B-00C04F79EFBC}") = "15.BalancedBrackets", "15.BalancedBrackets\15.BalancedBrackets.csproj", "{FA300E9F-40B3-4268-8ED7-46CEF2D94F38}"
EndProject
Project("{FAE04EC0-301F-11D3-BF4B-00C04F79EFBC}") = "ConsoleApp1", "ConsoleApp1\ConsoleApp1.csproj", "{096C06FE-F980-45D2-BD49-C83443DA4B4D}"
EndProject
Project("{2150E333-8FDC-42A3-9474-1A3956D46DE8}") = "Data Types, Variables and Methods - Lab", "Data Types, Variables and Methods - Lab", "{1A021827-4C4A-4DEF-B9F5-42523CBA081F}"
EndProject
Project("{FAE04EC0-301F-11D3-BF4B-00C04F79EFBC}") = "01.IntegerTypes", "01.IntegerTypes\01.IntegerTypes.csproj", "{FB674E83-D0AD-4951-9D3D-C8E3A4C29E13}"
EndProject
Project("{FAE04EC0-301F-11D3-BF4B-00C04F79EFBC}") = "02.RealNumberTypes", "02.RealNumberTypes\02.RealNumberTypes.csproj", "{ABD525FC-B9D1-4A5A-A916-3C608C90E6E7}"
EndProject
Project("{FAE04EC0-301F-11D3-BF4B-00C04F79EFBC}") = "03.BigPower", "03.BigPower\03.BigPower.csproj", "{E7810012-ECE8-442C-B001-F424CC908BB7}"
EndProject
Project("{2150E333-8FDC-42A3-9474-1A3956D46DE8}") = "Data Types Numeral Types and Type Conversion - Lab", "Data Types Numeral Types and Type Conversion - Lab", "{50BDD8D4-8F92-45E4-B677-AE5D75CCBBC2}"
EndProject
Project("{FAE04EC0-301F-11D3-BF4B-00C04F79EFBC}") = "01.TimeSinceBirthday", "01.TimeSinceBirthday\01.TimeSinceBirthday.csproj", "{339E7600-B8FC-44D4-9C63-5C96D1BCB990}"
EndProject
Project("{FAE04EC0-301F-11D3-BF4B-00C04F79EFBC}") = "02.CirclePerimeter", "02.CirclePerimeter\02.CirclePerimeter.csproj", "{8D725E10-BB63-466F-AAAA-97A3DBF4E47B}"
EndProject
Project("{FAE04EC0-301F-11D3-BF4B-00C04F79EFBC}") = "03.ExactProductRealNumbers", "03.ExactProductRealNumbers\03.ExactProductRealNumbers.csproj", "{344C162A-BCCF-4028-9AA2-2A3A1DE18971}"
EndProject
Project("{FAE04EC0-301F-11D3-BF4B-00C04F79EFBC}") = "04.Transport", "04.Transport\04.Transport.csproj", "{01518AF7-F7F5-45D0-B781-ED369126C288}"
EndProject
Project("{FAE04EC0-301F-11D3-BF4B-00C04F79EFBC}") = "05.Special_Numbers", "05.Special_Numbers\05.Special_Numbers.csproj", "{49DFAC69-DE81-4FCC-91F4-F2D718521360}"
EndProject
Project("{FAE04EC0-301F-11D3-BF4B-00C04F79EFBC}") = "04.FloatOrInteger", "04.FloatOrInteger\04.FloatOrInteger.csproj", "{364BFE66-FE13-482A-A86A-AFB13C0F8F3D}"
EndProject
Project("{FAE04EC0-301F-11D3-BF4B-00C04F79EFBC}") = "06.IncrementVariable", "06.IncrementVariable\06.IncrementVariable.csproj", "{3A95D9F3-F852-4E2D-9E39-496EABD89AF0}"
EndProject
Project("{FAE04EC0-301F-11D3-BF4B-00C04F79EFBC}") = "08.TravelingAtLightSpeed", "08.TravelingAtLightSpeed\08.TravelingAtLightSpeed.csproj", "{9F3A432A-DF94-411F-A4E7-906638C83CC2}"
EndProject
Project("{FAE04EC0-301F-11D3-BF4B-00C04F79EFBC}") = "09.TriangleFormations", "09.TriangleFormations\09.TriangleFormations.csproj", "{94361929-EAE0-4A2E-8353-154BF569D805}"
EndProject
Project("{FAE04EC0-301F-11D3-BF4B-00C04F79EFBC}") = "10.DataOverflow", "10.DataOverflow\10.DataOverflow.csproj", "{05B8B5BA-16B2-4DBD-93F1-5DFC418FC0E5}"
EndProject
Project("{FAE04EC0-301F-11D3-BF4B-00C04F79EFBC}") = "17. CypherRoulette", "17. CypherRoulette\17. CypherRoulette.csproj", "{D147F6B9-E00F-4447-993F-5557AA5D4FF4}"
EndProject
Global
	GlobalSection(SolutionConfigurationPlatforms) = preSolution
		Debug|Any CPU = Debug|Any CPU
		Release|Any CPU = Release|Any CPU
	EndGlobalSection
	GlobalSection(ProjectConfigurationPlatforms) = postSolution
		{FEE1FC8D-05A4-4E5E-9363-9185290C2063}.Debug|Any CPU.ActiveCfg = Debug|Any CPU
		{FEE1FC8D-05A4-4E5E-9363-9185290C2063}.Debug|Any CPU.Build.0 = Debug|Any CPU
		{FEE1FC8D-05A4-4E5E-9363-9185290C2063}.Release|Any CPU.ActiveCfg = Release|Any CPU
		{FEE1FC8D-05A4-4E5E-9363-9185290C2063}.Release|Any CPU.Build.0 = Release|Any CPU
		{F1E00333-4C9E-4A2D-A28C-52687399BA2B}.Debug|Any CPU.ActiveCfg = Debug|Any CPU
		{F1E00333-4C9E-4A2D-A28C-52687399BA2B}.Debug|Any CPU.Build.0 = Debug|Any CPU
		{F1E00333-4C9E-4A2D-A28C-52687399BA2B}.Release|Any CPU.ActiveCfg = Release|Any CPU
		{F1E00333-4C9E-4A2D-A28C-52687399BA2B}.Release|Any CPU.Build.0 = Release|Any CPU
		{81B12203-7C54-4E87-8D05-A426AE0C634B}.Debug|Any CPU.ActiveCfg = Debug|Any CPU
		{81B12203-7C54-4E87-8D05-A426AE0C634B}.Debug|Any CPU.Build.0 = Debug|Any CPU
		{81B12203-7C54-4E87-8D05-A426AE0C634B}.Release|Any CPU.ActiveCfg = Release|Any CPU
		{81B12203-7C54-4E87-8D05-A426AE0C634B}.Release|Any CPU.Build.0 = Release|Any CPU
		{156925FB-6A48-4EB3-A3B6-E3D44DDBF748}.Debug|Any CPU.ActiveCfg = Debug|Any CPU
		{156925FB-6A48-4EB3-A3B6-E3D44DDBF748}.Debug|Any CPU.Build.0 = Debug|Any CPU
		{156925FB-6A48-4EB3-A3B6-E3D44DDBF748}.Release|Any CPU.ActiveCfg = Release|Any CPU
		{156925FB-6A48-4EB3-A3B6-E3D44DDBF748}.Release|Any CPU.Build.0 = Release|Any CPU
		{B568B8FF-29C2-4B4C-8240-12711040F496}.Debug|Any CPU.ActiveCfg = Debug|Any CPU
		{B568B8FF-29C2-4B4C-8240-12711040F496}.Debug|Any CPU.Build.0 = Debug|Any CPU
		{B568B8FF-29C2-4B4C-8240-12711040F496}.Release|Any CPU.ActiveCfg = Release|Any CPU
		{B568B8FF-29C2-4B4C-8240-12711040F496}.Release|Any CPU.Build.0 = Release|Any CPU
		{6534FAF1-677E-4B4E-AF68-746469AB95ED}.Debug|Any CPU.ActiveCfg = Debug|Any CPU
		{6534FAF1-677E-4B4E-AF68-746469AB95ED}.Debug|Any CPU.Build.0 = Debug|Any CPU
		{6534FAF1-677E-4B4E-AF68-746469AB95ED}.Release|Any CPU.ActiveCfg = Release|Any CPU
		{6534FAF1-677E-4B4E-AF68-746469AB95ED}.Release|Any CPU.Build.0 = Release|Any CPU
		{83D16F63-7FD1-4D4C-928C-8F34E5DE9E7D}.Debug|Any CPU.ActiveCfg = Debug|Any CPU
		{83D16F63-7FD1-4D4C-928C-8F34E5DE9E7D}.Debug|Any CPU.Build.0 = Debug|Any CPU
		{83D16F63-7FD1-4D4C-928C-8F34E5DE9E7D}.Release|Any CPU.ActiveCfg = Release|Any CPU
		{83D16F63-7FD1-4D4C-928C-8F34E5DE9E7D}.Release|Any CPU.Build.0 = Release|Any CPU
		{60E32873-298D-497E-BDFE-CCF0C797831A}.Debug|Any CPU.ActiveCfg = Debug|Any CPU
		{60E32873-298D-497E-BDFE-CCF0C797831A}.Debug|Any CPU.Build.0 = Debug|Any CPU
		{60E32873-298D-497E-BDFE-CCF0C797831A}.Release|Any CPU.ActiveCfg = Release|Any CPU
		{60E32873-298D-497E-BDFE-CCF0C797831A}.Release|Any CPU.Build.0 = Release|Any CPU
		{C0F637FE-6A88-4A69-AFB9-48F8A90E6CBA}.Debug|Any CPU.ActiveCfg = Debug|Any CPU
		{C0F637FE-6A88-4A69-AFB9-48F8A90E6CBA}.Debug|Any CPU.Build.0 = Debug|Any CPU
		{C0F637FE-6A88-4A69-AFB9-48F8A90E6CBA}.Release|Any CPU.ActiveCfg = Release|Any CPU
		{C0F637FE-6A88-4A69-AFB9-48F8A90E6CBA}.Release|Any CPU.Build.0 = Release|Any CPU
		{55A5D827-E6E2-406D-A878-720B6D1530AD}.Debug|Any CPU.ActiveCfg = Debug|Any CPU
		{55A5D827-E6E2-406D-A878-720B6D1530AD}.Debug|Any CPU.Build.0 = Debug|Any CPU
		{55A5D827-E6E2-406D-A878-720B6D1530AD}.Release|Any CPU.ActiveCfg = Release|Any CPU
		{55A5D827-E6E2-406D-A878-720B6D1530AD}.Release|Any CPU.Build.0 = Release|Any CPU
		{A8750B56-386C-42E8-8A62-C2F78321D27A}.Debug|Any CPU.ActiveCfg = Debug|Any CPU
		{A8750B56-386C-42E8-8A62-C2F78321D27A}.Debug|Any CPU.Build.0 = Debug|Any CPU
		{A8750B56-386C-42E8-8A62-C2F78321D27A}.Release|Any CPU.ActiveCfg = Release|Any CPU
		{A8750B56-386C-42E8-8A62-C2F78321D27A}.Release|Any CPU.Build.0 = Release|Any CPU
		{373B68D4-C344-42BB-9B47-C79D0FC57D65}.Debug|Any CPU.ActiveCfg = Debug|Any CPU
		{373B68D4-C344-42BB-9B47-C79D0FC57D65}.Debug|Any CPU.Build.0 = Debug|Any CPU
		{373B68D4-C344-42BB-9B47-C79D0FC57D65}.Release|Any CPU.ActiveCfg = Release|Any CPU
		{373B68D4-C344-42BB-9B47-C79D0FC57D65}.Release|Any CPU.Build.0 = Release|Any CPU
		{97B92F95-A2F7-4BAE-B77F-386E2BDA8DCB}.Debug|Any CPU.ActiveCfg = Debug|Any CPU
		{97B92F95-A2F7-4BAE-B77F-386E2BDA8DCB}.Debug|Any CPU.Build.0 = Debug|Any CPU
		{97B92F95-A2F7-4BAE-B77F-386E2BDA8DCB}.Release|Any CPU.ActiveCfg = Release|Any CPU
		{97B92F95-A2F7-4BAE-B77F-386E2BDA8DCB}.Release|Any CPU.Build.0 = Release|Any CPU
		{E00CECF1-09A1-4ABD-9879-84FC34B80C2B}.Debug|Any CPU.ActiveCfg = Debug|Any CPU
		{E00CECF1-09A1-4ABD-9879-84FC34B80C2B}.Debug|Any CPU.Build.0 = Debug|Any CPU
		{E00CECF1-09A1-4ABD-9879-84FC34B80C2B}.Release|Any CPU.ActiveCfg = Release|Any CPU
		{E00CECF1-09A1-4ABD-9879-84FC34B80C2B}.Release|Any CPU.Build.0 = Release|Any CPU
		{0475EA2F-C310-4C73-A253-374DF27CD4FD}.Debug|Any CPU.ActiveCfg = Debug|Any CPU
		{0475EA2F-C310-4C73-A253-374DF27CD4FD}.Debug|Any CPU.Build.0 = Debug|Any CPU
		{0475EA2F-C310-4C73-A253-374DF27CD4FD}.Release|Any CPU.ActiveCfg = Release|Any CPU
		{0475EA2F-C310-4C73-A253-374DF27CD4FD}.Release|Any CPU.Build.0 = Release|Any CPU
		{931EF57D-43A3-4D68-8690-2BCB0A71055A}.Debug|Any CPU.ActiveCfg = Debug|Any CPU
		{931EF57D-43A3-4D68-8690-2BCB0A71055A}.Debug|Any CPU.Build.0 = Debug|Any CPU
		{931EF57D-43A3-4D68-8690-2BCB0A71055A}.Release|Any CPU.ActiveCfg = Release|Any CPU
		{931EF57D-43A3-4D68-8690-2BCB0A71055A}.Release|Any CPU.Build.0 = Release|Any CPU
		{93C068D5-2B21-4F31-95CB-1DBE02215EB4}.Debug|Any CPU.ActiveCfg = Debug|Any CPU
		{93C068D5-2B21-4F31-95CB-1DBE02215EB4}.Debug|Any CPU.Build.0 = Debug|Any CPU
		{93C068D5-2B21-4F31-95CB-1DBE02215EB4}.Release|Any CPU.ActiveCfg = Release|Any CPU
		{93C068D5-2B21-4F31-95CB-1DBE02215EB4}.Release|Any CPU.Build.0 = Release|Any CPU
		{8D7E031A-0063-48D9-A2D5-0F429B6A990B}.Debug|Any CPU.ActiveCfg = Debug|Any CPU
		{8D7E031A-0063-48D9-A2D5-0F429B6A990B}.Debug|Any CPU.Build.0 = Debug|Any CPU
		{8D7E031A-0063-48D9-A2D5-0F429B6A990B}.Release|Any CPU.ActiveCfg = Release|Any CPU
		{8D7E031A-0063-48D9-A2D5-0F429B6A990B}.Release|Any CPU.Build.0 = Release|Any CPU
		{0609BB90-F2C1-45BD-B2EB-11484383CBA1}.Debug|Any CPU.ActiveCfg = Debug|Any CPU
		{0609BB90-F2C1-45BD-B2EB-11484383CBA1}.Debug|Any CPU.Build.0 = Debug|Any CPU
		{0609BB90-F2C1-45BD-B2EB-11484383CBA1}.Release|Any CPU.ActiveCfg = Release|Any CPU
		{0609BB90-F2C1-45BD-B2EB-11484383CBA1}.Release|Any CPU.Build.0 = Release|Any CPU
		{F6F612F6-1BB1-4873-9F23-6F90CCDF0B8E}.Debug|Any CPU.ActiveCfg = Debug|Any CPU
		{F6F612F6-1BB1-4873-9F23-6F90CCDF0B8E}.Debug|Any CPU.Build.0 = Debug|Any CPU
		{F6F612F6-1BB1-4873-9F23-6F90CCDF0B8E}.Release|Any CPU.ActiveCfg = Release|Any CPU
		{F6F612F6-1BB1-4873-9F23-6F90CCDF0B8E}.Release|Any CPU.Build.0 = Release|Any CPU
		{3041C029-CC1A-4185-962E-90321A6E371E}.Debug|Any CPU.ActiveCfg = Debug|Any CPU
		{3041C029-CC1A-4185-962E-90321A6E371E}.Debug|Any CPU.Build.0 = Debug|Any CPU
		{3041C029-CC1A-4185-962E-90321A6E371E}.Release|Any CPU.ActiveCfg = Release|Any CPU
		{3041C029-CC1A-4185-962E-90321A6E371E}.Release|Any CPU.Build.0 = Release|Any CPU
		{D7928185-0AD4-42B5-BF1C-D7909F353EAD}.Debug|Any CPU.ActiveCfg = Debug|Any CPU
		{D7928185-0AD4-42B5-BF1C-D7909F353EAD}.Debug|Any CPU.Build.0 = Debug|Any CPU
		{D7928185-0AD4-42B5-BF1C-D7909F353EAD}.Release|Any CPU.ActiveCfg = Release|Any CPU
		{D7928185-0AD4-42B5-BF1C-D7909F353EAD}.Release|Any CPU.Build.0 = Release|Any CPU
		{7B7B1B9B-172A-4F47-88F8-8C04B7169767}.Debug|Any CPU.ActiveCfg = Debug|Any CPU
		{7B7B1B9B-172A-4F47-88F8-8C04B7169767}.Debug|Any CPU.Build.0 = Debug|Any CPU
		{7B7B1B9B-172A-4F47-88F8-8C04B7169767}.Release|Any CPU.ActiveCfg = Release|Any CPU
		{7B7B1B9B-172A-4F47-88F8-8C04B7169767}.Release|Any CPU.Build.0 = Release|Any CPU
		{4844135D-75B3-42BB-B629-E914D41046EA}.Debug|Any CPU.ActiveCfg = Debug|Any CPU
		{4844135D-75B3-42BB-B629-E914D41046EA}.Debug|Any CPU.Build.0 = Debug|Any CPU
		{4844135D-75B3-42BB-B629-E914D41046EA}.Release|Any CPU.ActiveCfg = Release|Any CPU
		{4844135D-75B3-42BB-B629-E914D41046EA}.Release|Any CPU.Build.0 = Release|Any CPU
		{0BA25A07-FEF4-4BF5-A712-61DB144D231E}.Debug|Any CPU.ActiveCfg = Debug|Any CPU
		{0BA25A07-FEF4-4BF5-A712-61DB144D231E}.Debug|Any CPU.Build.0 = Debug|Any CPU
		{0BA25A07-FEF4-4BF5-A712-61DB144D231E}.Release|Any CPU.ActiveCfg = Release|Any CPU
		{0BA25A07-FEF4-4BF5-A712-61DB144D231E}.Release|Any CPU.Build.0 = Release|Any CPU
		{69EA79B0-2100-4C9F-82DF-6D4B3687FCD8}.Debug|Any CPU.ActiveCfg = Debug|Any CPU
		{69EA79B0-2100-4C9F-82DF-6D4B3687FCD8}.Debug|Any CPU.Build.0 = Debug|Any CPU
		{69EA79B0-2100-4C9F-82DF-6D4B3687FCD8}.Release|Any CPU.ActiveCfg = Release|Any CPU
		{69EA79B0-2100-4C9F-82DF-6D4B3687FCD8}.Release|Any CPU.Build.0 = Release|Any CPU
		{963F129B-D8D2-4BCF-BDA9-E298A1D12D78}.Debug|Any CPU.ActiveCfg = Debug|Any CPU
		{963F129B-D8D2-4BCF-BDA9-E298A1D12D78}.Debug|Any CPU.Build.0 = Debug|Any CPU
		{963F129B-D8D2-4BCF-BDA9-E298A1D12D78}.Release|Any CPU.ActiveCfg = Release|Any CPU
		{963F129B-D8D2-4BCF-BDA9-E298A1D12D78}.Release|Any CPU.Build.0 = Release|Any CPU
		{63CF9D43-E12F-488B-AF78-009F501C27FC}.Debug|Any CPU.ActiveCfg = Debug|Any CPU
		{63CF9D43-E12F-488B-AF78-009F501C27FC}.Debug|Any CPU.Build.0 = Debug|Any CPU
		{63CF9D43-E12F-488B-AF78-009F501C27FC}.Release|Any CPU.ActiveCfg = Release|Any CPU
		{63CF9D43-E12F-488B-AF78-009F501C27FC}.Release|Any CPU.Build.0 = Release|Any CPU
		{642780AE-C6DB-4594-ABE8-43386CE9CBF6}.Debug|Any CPU.ActiveCfg = Debug|Any CPU
		{642780AE-C6DB-4594-ABE8-43386CE9CBF6}.Debug|Any CPU.Build.0 = Debug|Any CPU
		{642780AE-C6DB-4594-ABE8-43386CE9CBF6}.Release|Any CPU.ActiveCfg = Release|Any CPU
		{642780AE-C6DB-4594-ABE8-43386CE9CBF6}.Release|Any CPU.Build.0 = Release|Any CPU
		{7E76CFD9-20E3-4961-BC0C-25C7C1749832}.Debug|Any CPU.ActiveCfg = Debug|Any CPU
		{7E76CFD9-20E3-4961-BC0C-25C7C1749832}.Debug|Any CPU.Build.0 = Debug|Any CPU
		{7E76CFD9-20E3-4961-BC0C-25C7C1749832}.Release|Any CPU.ActiveCfg = Release|Any CPU
		{7E76CFD9-20E3-4961-BC0C-25C7C1749832}.Release|Any CPU.Build.0 = Release|Any CPU
		{2D05E9F8-AD8A-4D47-A6CC-8B66425334D3}.Debug|Any CPU.ActiveCfg = Debug|Any CPU
		{2D05E9F8-AD8A-4D47-A6CC-8B66425334D3}.Debug|Any CPU.Build.0 = Debug|Any CPU
		{2D05E9F8-AD8A-4D47-A6CC-8B66425334D3}.Release|Any CPU.ActiveCfg = Release|Any CPU
		{2D05E9F8-AD8A-4D47-A6CC-8B66425334D3}.Release|Any CPU.Build.0 = Release|Any CPU
		{8EFDB927-0DC0-4F50-A9D9-5DF055C5B1D2}.Debug|Any CPU.ActiveCfg = Debug|Any CPU
		{8EFDB927-0DC0-4F50-A9D9-5DF055C5B1D2}.Debug|Any CPU.Build.0 = Debug|Any CPU
		{8EFDB927-0DC0-4F50-A9D9-5DF055C5B1D2}.Release|Any CPU.ActiveCfg = Release|Any CPU
		{8EFDB927-0DC0-4F50-A9D9-5DF055C5B1D2}.Release|Any CPU.Build.0 = Release|Any CPU
		{9C91BE6E-081B-439A-AA21-C02497FE9968}.Debug|Any CPU.ActiveCfg = Debug|Any CPU
		{9C91BE6E-081B-439A-AA21-C02497FE9968}.Debug|Any CPU.Build.0 = Debug|Any CPU
		{9C91BE6E-081B-439A-AA21-C02497FE9968}.Release|Any CPU.ActiveCfg = Release|Any CPU
		{9C91BE6E-081B-439A-AA21-C02497FE9968}.Release|Any CPU.Build.0 = Release|Any CPU
		{19B5D7FC-47D9-4DCC-9D98-186B08B2D932}.Debug|Any CPU.ActiveCfg = Debug|Any CPU
		{19B5D7FC-47D9-4DCC-9D98-186B08B2D932}.Debug|Any CPU.Build.0 = Debug|Any CPU
		{19B5D7FC-47D9-4DCC-9D98-186B08B2D932}.Release|Any CPU.ActiveCfg = Release|Any CPU
		{19B5D7FC-47D9-4DCC-9D98-186B08B2D932}.Release|Any CPU.Build.0 = Release|Any CPU
		{ECDED6B4-9FBB-42B9-9F4F-34AA59D3393A}.Debug|Any CPU.ActiveCfg = Debug|Any CPU
		{ECDED6B4-9FBB-42B9-9F4F-34AA59D3393A}.Debug|Any CPU.Build.0 = Debug|Any CPU
		{ECDED6B4-9FBB-42B9-9F4F-34AA59D3393A}.Release|Any CPU.ActiveCfg = Release|Any CPU
		{ECDED6B4-9FBB-42B9-9F4F-34AA59D3393A}.Release|Any CPU.Build.0 = Release|Any CPU
		{4CE788BE-508F-40D1-9F7D-CDB7F8E0E1F2}.Debug|Any CPU.ActiveCfg = Debug|Any CPU
		{4CE788BE-508F-40D1-9F7D-CDB7F8E0E1F2}.Debug|Any CPU.Build.0 = Debug|Any CPU
		{4CE788BE-508F-40D1-9F7D-CDB7F8E0E1F2}.Release|Any CPU.ActiveCfg = Release|Any CPU
		{4CE788BE-508F-40D1-9F7D-CDB7F8E0E1F2}.Release|Any CPU.Build.0 = Release|Any CPU
		{6E6EFFDF-D273-4F2F-821E-B0689433777D}.Debug|Any CPU.ActiveCfg = Debug|Any CPU
		{6E6EFFDF-D273-4F2F-821E-B0689433777D}.Debug|Any CPU.Build.0 = Debug|Any CPU
		{6E6EFFDF-D273-4F2F-821E-B0689433777D}.Release|Any CPU.ActiveCfg = Release|Any CPU
		{6E6EFFDF-D273-4F2F-821E-B0689433777D}.Release|Any CPU.Build.0 = Release|Any CPU
		{D85793CB-31C4-4634-B8FD-A60B61E546E4}.Debug|Any CPU.ActiveCfg = Debug|Any CPU
		{D85793CB-31C4-4634-B8FD-A60B61E546E4}.Debug|Any CPU.Build.0 = Debug|Any CPU
		{D85793CB-31C4-4634-B8FD-A60B61E546E4}.Release|Any CPU.ActiveCfg = Release|Any CPU
		{D85793CB-31C4-4634-B8FD-A60B61E546E4}.Release|Any CPU.Build.0 = Release|Any CPU
		{B089B881-7D4F-4B96-B08B-DCF922D7F324}.Debug|Any CPU.ActiveCfg = Debug|Any CPU
		{B089B881-7D4F-4B96-B08B-DCF922D7F324}.Debug|Any CPU.Build.0 = Debug|Any CPU
		{B089B881-7D4F-4B96-B08B-DCF922D7F324}.Release|Any CPU.ActiveCfg = Release|Any CPU
		{B089B881-7D4F-4B96-B08B-DCF922D7F324}.Release|Any CPU.Build.0 = Release|Any CPU
		{34E6518C-0472-4E33-9650-088B408CA45F}.Debug|Any CPU.ActiveCfg = Debug|Any CPU
		{34E6518C-0472-4E33-9650-088B408CA45F}.Debug|Any CPU.Build.0 = Debug|Any CPU
		{34E6518C-0472-4E33-9650-088B408CA45F}.Release|Any CPU.ActiveCfg = Release|Any CPU
		{34E6518C-0472-4E33-9650-088B408CA45F}.Release|Any CPU.Build.0 = Release|Any CPU
		{FA300E9F-40B3-4268-8ED7-46CEF2D94F38}.Debug|Any CPU.ActiveCfg = Debug|Any CPU
		{FA300E9F-40B3-4268-8ED7-46CEF2D94F38}.Debug|Any CPU.Build.0 = Debug|Any CPU
		{FA300E9F-40B3-4268-8ED7-46CEF2D94F38}.Release|Any CPU.ActiveCfg = Release|Any CPU
		{FA300E9F-40B3-4268-8ED7-46CEF2D94F38}.Release|Any CPU.Build.0 = Release|Any CPU
		{096C06FE-F980-45D2-BD49-C83443DA4B4D}.Debug|Any CPU.ActiveCfg = Debug|Any CPU
		{096C06FE-F980-45D2-BD49-C83443DA4B4D}.Debug|Any CPU.Build.0 = Debug|Any CPU
		{096C06FE-F980-45D2-BD49-C83443DA4B4D}.Release|Any CPU.ActiveCfg = Release|Any CPU
		{096C06FE-F980-45D2-BD49-C83443DA4B4D}.Release|Any CPU.Build.0 = Release|Any CPU
		{FB674E83-D0AD-4951-9D3D-C8E3A4C29E13}.Debug|Any CPU.ActiveCfg = Debug|Any CPU
		{FB674E83-D0AD-4951-9D3D-C8E3A4C29E13}.Debug|Any CPU.Build.0 = Debug|Any CPU
		{FB674E83-D0AD-4951-9D3D-C8E3A4C29E13}.Release|Any CPU.ActiveCfg = Release|Any CPU
		{FB674E83-D0AD-4951-9D3D-C8E3A4C29E13}.Release|Any CPU.Build.0 = Release|Any CPU
		{ABD525FC-B9D1-4A5A-A916-3C608C90E6E7}.Debug|Any CPU.ActiveCfg = Debug|Any CPU
		{ABD525FC-B9D1-4A5A-A916-3C608C90E6E7}.Debug|Any CPU.Build.0 = Debug|Any CPU
		{ABD525FC-B9D1-4A5A-A916-3C608C90E6E7}.Release|Any CPU.ActiveCfg = Release|Any CPU
		{ABD525FC-B9D1-4A5A-A916-3C608C90E6E7}.Release|Any CPU.Build.0 = Release|Any CPU
		{E7810012-ECE8-442C-B001-F424CC908BB7}.Debug|Any CPU.ActiveCfg = Debug|Any CPU
		{E7810012-ECE8-442C-B001-F424CC908BB7}.Debug|Any CPU.Build.0 = Debug|Any CPU
		{E7810012-ECE8-442C-B001-F424CC908BB7}.Release|Any CPU.ActiveCfg = Release|Any CPU
		{E7810012-ECE8-442C-B001-F424CC908BB7}.Release|Any CPU.Build.0 = Release|Any CPU
		{339E7600-B8FC-44D4-9C63-5C96D1BCB990}.Debug|Any CPU.ActiveCfg = Debug|Any CPU
		{339E7600-B8FC-44D4-9C63-5C96D1BCB990}.Debug|Any CPU.Build.0 = Debug|Any CPU
		{339E7600-B8FC-44D4-9C63-5C96D1BCB990}.Release|Any CPU.ActiveCfg = Release|Any CPU
		{339E7600-B8FC-44D4-9C63-5C96D1BCB990}.Release|Any CPU.Build.0 = Release|Any CPU
		{8D725E10-BB63-466F-AAAA-97A3DBF4E47B}.Debug|Any CPU.ActiveCfg = Debug|Any CPU
		{8D725E10-BB63-466F-AAAA-97A3DBF4E47B}.Debug|Any CPU.Build.0 = Debug|Any CPU
		{8D725E10-BB63-466F-AAAA-97A3DBF4E47B}.Release|Any CPU.ActiveCfg = Release|Any CPU
		{8D725E10-BB63-466F-AAAA-97A3DBF4E47B}.Release|Any CPU.Build.0 = Release|Any CPU
		{344C162A-BCCF-4028-9AA2-2A3A1DE18971}.Debug|Any CPU.ActiveCfg = Debug|Any CPU
		{344C162A-BCCF-4028-9AA2-2A3A1DE18971}.Debug|Any CPU.Build.0 = Debug|Any CPU
		{344C162A-BCCF-4028-9AA2-2A3A1DE18971}.Release|Any CPU.ActiveCfg = Release|Any CPU
		{344C162A-BCCF-4028-9AA2-2A3A1DE18971}.Release|Any CPU.Build.0 = Release|Any CPU
		{01518AF7-F7F5-45D0-B781-ED369126C288}.Debug|Any CPU.ActiveCfg = Debug|Any CPU
		{01518AF7-F7F5-45D0-B781-ED369126C288}.Debug|Any CPU.Build.0 = Debug|Any CPU
		{01518AF7-F7F5-45D0-B781-ED369126C288}.Release|Any CPU.ActiveCfg = Release|Any CPU
		{01518AF7-F7F5-45D0-B781-ED369126C288}.Release|Any CPU.Build.0 = Release|Any CPU
		{49DFAC69-DE81-4FCC-91F4-F2D718521360}.Debug|Any CPU.ActiveCfg = Debug|Any CPU
		{49DFAC69-DE81-4FCC-91F4-F2D718521360}.Debug|Any CPU.Build.0 = Debug|Any CPU
		{49DFAC69-DE81-4FCC-91F4-F2D718521360}.Release|Any CPU.ActiveCfg = Release|Any CPU
		{49DFAC69-DE81-4FCC-91F4-F2D718521360}.Release|Any CPU.Build.0 = Release|Any CPU
		{364BFE66-FE13-482A-A86A-AFB13C0F8F3D}.Debug|Any CPU.ActiveCfg = Debug|Any CPU
		{364BFE66-FE13-482A-A86A-AFB13C0F8F3D}.Debug|Any CPU.Build.0 = Debug|Any CPU
		{364BFE66-FE13-482A-A86A-AFB13C0F8F3D}.Release|Any CPU.ActiveCfg = Release|Any CPU
		{364BFE66-FE13-482A-A86A-AFB13C0F8F3D}.Release|Any CPU.Build.0 = Release|Any CPU
		{3A95D9F3-F852-4E2D-9E39-496EABD89AF0}.Debug|Any CPU.ActiveCfg = Debug|Any CPU
		{3A95D9F3-F852-4E2D-9E39-496EABD89AF0}.Debug|Any CPU.Build.0 = Debug|Any CPU
		{3A95D9F3-F852-4E2D-9E39-496EABD89AF0}.Release|Any CPU.ActiveCfg = Release|Any CPU
		{3A95D9F3-F852-4E2D-9E39-496EABD89AF0}.Release|Any CPU.Build.0 = Release|Any CPU
		{9F3A432A-DF94-411F-A4E7-906638C83CC2}.Debug|Any CPU.ActiveCfg = Debug|Any CPU
		{9F3A432A-DF94-411F-A4E7-906638C83CC2}.Debug|Any CPU.Build.0 = Debug|Any CPU
		{9F3A432A-DF94-411F-A4E7-906638C83CC2}.Release|Any CPU.ActiveCfg = Release|Any CPU
		{9F3A432A-DF94-411F-A4E7-906638C83CC2}.Release|Any CPU.Build.0 = Release|Any CPU
		{94361929-EAE0-4A2E-8353-154BF569D805}.Debug|Any CPU.ActiveCfg = Debug|Any CPU
		{94361929-EAE0-4A2E-8353-154BF569D805}.Debug|Any CPU.Build.0 = Debug|Any CPU
		{94361929-EAE0-4A2E-8353-154BF569D805}.Release|Any CPU.ActiveCfg = Release|Any CPU
		{94361929-EAE0-4A2E-8353-154BF569D805}.Release|Any CPU.Build.0 = Release|Any CPU
		{05B8B5BA-16B2-4DBD-93F1-5DFC418FC0E5}.Debug|Any CPU.ActiveCfg = Debug|Any CPU
		{05B8B5BA-16B2-4DBD-93F1-5DFC418FC0E5}.Debug|Any CPU.Build.0 = Debug|Any CPU
		{05B8B5BA-16B2-4DBD-93F1-5DFC418FC0E5}.Release|Any CPU.ActiveCfg = Release|Any CPU
		{05B8B5BA-16B2-4DBD-93F1-5DFC418FC0E5}.Release|Any CPU.Build.0 = Release|Any CPU
		{D147F6B9-E00F-4447-993F-5557AA5D4FF4}.Debug|Any CPU.ActiveCfg = Debug|Any CPU
		{D147F6B9-E00F-4447-993F-5557AA5D4FF4}.Debug|Any CPU.Build.0 = Debug|Any CPU
		{D147F6B9-E00F-4447-993F-5557AA5D4FF4}.Release|Any CPU.ActiveCfg = Release|Any CPU
		{D147F6B9-E00F-4447-993F-5557AA5D4FF4}.Release|Any CPU.Build.0 = Release|Any CPU
	EndGlobalSection
	GlobalSection(SolutionProperties) = preSolution
		HideSolutionNode = FALSE
	EndGlobalSection
	GlobalSection(NestedProjects) = preSolution
		{FEE1FC8D-05A4-4E5E-9363-9185290C2063} = {16A40FD9-0350-4FF7-A41A-F902D4DE5EA8}
		{F1E00333-4C9E-4A2D-A28C-52687399BA2B} = {16A40FD9-0350-4FF7-A41A-F902D4DE5EA8}
		{81B12203-7C54-4E87-8D05-A426AE0C634B} = {16A40FD9-0350-4FF7-A41A-F902D4DE5EA8}
		{156925FB-6A48-4EB3-A3B6-E3D44DDBF748} = {16A40FD9-0350-4FF7-A41A-F902D4DE5EA8}
		{B568B8FF-29C2-4B4C-8240-12711040F496} = {16A40FD9-0350-4FF7-A41A-F902D4DE5EA8}
		{6534FAF1-677E-4B4E-AF68-746469AB95ED} = {16A40FD9-0350-4FF7-A41A-F902D4DE5EA8}
		{83D16F63-7FD1-4D4C-928C-8F34E5DE9E7D} = {16A40FD9-0350-4FF7-A41A-F902D4DE5EA8}
		{60E32873-298D-497E-BDFE-CCF0C797831A} = {D959B955-77C8-41D6-B66C-AC259EFFB88D}
		{C0F637FE-6A88-4A69-AFB9-48F8A90E6CBA} = {D959B955-77C8-41D6-B66C-AC259EFFB88D}
		{55A5D827-E6E2-406D-A878-720B6D1530AD} = {D959B955-77C8-41D6-B66C-AC259EFFB88D}
		{A8750B56-386C-42E8-8A62-C2F78321D27A} = {D959B955-77C8-41D6-B66C-AC259EFFB88D}
		{373B68D4-C344-42BB-9B47-C79D0FC57D65} = {D959B955-77C8-41D6-B66C-AC259EFFB88D}
		{97B92F95-A2F7-4BAE-B77F-386E2BDA8DCB} = {D959B955-77C8-41D6-B66C-AC259EFFB88D}
		{E00CECF1-09A1-4ABD-9879-84FC34B80C2B} = {D959B955-77C8-41D6-B66C-AC259EFFB88D}
		{0475EA2F-C310-4C73-A253-374DF27CD4FD} = {D959B955-77C8-41D6-B66C-AC259EFFB88D}
		{931EF57D-43A3-4D68-8690-2BCB0A71055A} = {D959B955-77C8-41D6-B66C-AC259EFFB88D}
		{93C068D5-2B21-4F31-95CB-1DBE02215EB4} = {D959B955-77C8-41D6-B66C-AC259EFFB88D}
		{8D7E031A-0063-48D9-A2D5-0F429B6A990B} = {D959B955-77C8-41D6-B66C-AC259EFFB88D}
		{0609BB90-F2C1-45BD-B2EB-11484383CBA1} = {D959B955-77C8-41D6-B66C-AC259EFFB88D}
		{F6F612F6-1BB1-4873-9F23-6F90CCDF0B8E} = {D959B955-77C8-41D6-B66C-AC259EFFB88D}
		{3041C029-CC1A-4185-962E-90321A6E371E} = {D959B955-77C8-41D6-B66C-AC259EFFB88D}
		{D7928185-0AD4-42B5-BF1C-D7909F353EAD} = {D959B955-77C8-41D6-B66C-AC259EFFB88D}
		{7B7B1B9B-172A-4F47-88F8-8C04B7169767} = {D959B955-77C8-41D6-B66C-AC259EFFB88D}
		{4844135D-75B3-42BB-B629-E914D41046EA} = {D959B955-77C8-41D6-B66C-AC259EFFB88D}
		{0BA25A07-FEF4-4BF5-A712-61DB144D231E} = {D959B955-77C8-41D6-B66C-AC259EFFB88D}
		{69EA79B0-2100-4C9F-82DF-6D4B3687FCD8} = {D959B955-77C8-41D6-B66C-AC259EFFB88D}
		{FB674E83-D0AD-4951-9D3D-C8E3A4C29E13} = {1A021827-4C4A-4DEF-B9F5-42523CBA081F}
		{ABD525FC-B9D1-4A5A-A916-3C608C90E6E7} = {1A021827-4C4A-4DEF-B9F5-42523CBA081F}
		{E7810012-ECE8-442C-B001-F424CC908BB7} = {1A021827-4C4A-4DEF-B9F5-42523CBA081F}
		{339E7600-B8FC-44D4-9C63-5C96D1BCB990} = {50BDD8D4-8F92-45E4-B677-AE5D75CCBBC2}
		{8D725E10-BB63-466F-AAAA-97A3DBF4E47B} = {50BDD8D4-8F92-45E4-B677-AE5D75CCBBC2}
		{344C162A-BCCF-4028-9AA2-2A3A1DE18971} = {50BDD8D4-8F92-45E4-B677-AE5D75CCBBC2}
		{01518AF7-F7F5-45D0-B781-ED369126C288} = {50BDD8D4-8F92-45E4-B677-AE5D75CCBBC2}
		{49DFAC69-DE81-4FCC-91F4-F2D718521360} = {50BDD8D4-8F92-45E4-B677-AE5D75CCBBC2}
		{364BFE66-FE13-482A-A86A-AFB13C0F8F3D} = {50BDD8D4-8F92-45E4-B677-AE5D75CCBBC2}
		{3A95D9F3-F852-4E2D-9E39-496EABD89AF0} = {50BDD8D4-8F92-45E4-B677-AE5D75CCBBC2}
		{9F3A432A-DF94-411F-A4E7-906638C83CC2} = {50BDD8D4-8F92-45E4-B677-AE5D75CCBBC2}
		{94361929-EAE0-4A2E-8353-154BF569D805} = {50BDD8D4-8F92-45E4-B677-AE5D75CCBBC2}
		{05B8B5BA-16B2-4DBD-93F1-5DFC418FC0E5} = {50BDD8D4-8F92-45E4-B677-AE5D75CCBBC2}
		{D147F6B9-E00F-4447-993F-5557AA5D4FF4} = {50BDD8D4-8F92-45E4-B677-AE5D75CCBBC2}
	EndGlobalSection
	GlobalSection(ExtensibilityGlobals) = postSolution
		SolutionGuid = {AE4373C0-9D4C-4BE0-A8D1-791DF21C78AB}
	EndGlobalSection
EndGlobal
